
Microsoft Visual Studio Solution File, Format Version 12.00
# Visual Studio Version 16
VisualStudioVersion = 16.0.29609.76
MinimumVisualStudioVersion = 10.0.40219.1
Project("{9A19103F-16F7-4668-BE54-9A1E7A4F7556}") = "PhotoSN.Data", "PhotoSN.Data\PhotoSN.Data.csproj", "{DB94FE3D-FD10-4BC3-B22F-1691793E55FD}"
EndProject
Project("{9A19103F-16F7-4668-BE54-9A1E7A4F7556}") = "PhotoSN.WebMvcIdentity", "PhotoSN.WebMvcIdentity\PhotoSN.WebMvcIdentity.csproj", "{2C34D941-160A-4EC2-B0D9-D64AA550DF39}"
EndProject
Global
	GlobalSection(SolutionConfigurationPlatforms) = preSolution
		Debug|Any CPU = Debug|Any CPU
		Release|Any CPU = Release|Any CPU
	EndGlobalSection
	GlobalSection(ProjectConfigurationPlatforms) = postSolution
		{DB94FE3D-FD10-4BC3-B22F-1691793E55FD}.Debug|Any CPU.ActiveCfg = Debug|Any CPU
		{DB94FE3D-FD10-4BC3-B22F-1691793E55FD}.Debug|Any CPU.Build.0 = Debug|Any CPU
		{DB94FE3D-FD10-4BC3-B22F-1691793E55FD}.Release|Any CPU.ActiveCfg = Release|Any CPU
		{DB94FE3D-FD10-4BC3-B22F-1691793E55FD}.Release|Any CPU.Build.0 = Release|Any CPU
		{2C34D941-160A-4EC2-B0D9-D64AA550DF39}.Debug|Any CPU.ActiveCfg = Debug|Any CPU
		{2C34D941-160A-4EC2-B0D9-D64AA550DF39}.Debug|Any CPU.Build.0 = Debug|Any CPU
		{2C34D941-160A-4EC2-B0D9-D64AA550DF39}.Release|Any CPU.ActiveCfg = Release|Any CPU
		{2C34D941-160A-4EC2-B0D9-D64AA550DF39}.Release|Any CPU.Build.0 = Release|Any CPU
	EndGlobalSection
	GlobalSection(SolutionProperties) = preSolution
		HideSolutionNode = FALSE
	EndGlobalSection
	GlobalSection(ExtensibilityGlobals) = postSolution
		SolutionGuid = {A42C84FE-53A9-499F-B431-54D5E1D83BF4}
	EndGlobalSection
EndGlobal
